{
  "version": 4,
  "terraform_version": "0.14.4",
  "serial": 50,
  "lineage": "a7875b79-f4a6-dd0c-e213-88fd118c7db2",
  "outputs": {},
  "resources": [
    {
      "mode": "managed",
      "type": "aws_autoscaling_group",
      "name": "asg-project",
      "provider": "provider[\"registry.terraform.io/hashicorp/aws\"]",
      "instances": [
        {
          "schema_version": 0,
          "attributes": {
            "arn": "arn:aws:autoscaling:us-west-1:543745842878:autoScalingGroup:1cdbe32d-8259-4579-8b84-d2d43ccc948d:autoScalingGroupName/glr-vpc1-AutoScaling-PROD-PeruCheck",
            "availability_zones": [
              "us-west-1b",
              "us-west-1c"
            ],
            "capacity_rebalance": false,
            "default_cooldown": 60,
            "desired_capacity": 1,
            "enabled_metrics": [],
            "force_delete": false,
            "health_check_grace_period": 60,
            "health_check_type": "ELB",
            "id": "glr-vpc1-AutoScaling-PROD-PeruCheck",
            "initial_lifecycle_hook": [],
            "instance_refresh": [],
            "launch_configuration": "glr-launchconfiguration-PROD-PeruCheck",
            "launch_template": [],
            "load_balancers": [],
            "max_instance_lifetime": 0,
            "max_size": 4,
            "metrics_granularity": "1Minute",
            "min_elb_capacity": null,
            "min_size": 1,
            "mixed_instances_policy": [],
            "name": "glr-vpc1-AutoScaling-PROD-PeruCheck",
            "name_prefix": null,
            "placement_group": "",
            "protect_from_scale_in": false,
            "service_linked_role_arn": "arn:aws:iam::543745842878:role/aws-service-role/autoscaling.amazonaws.com/AWSServiceRoleForAutoScaling",
            "suspended_processes": [],
            "tag": [],
            "tags": [
              {
                "key": "Amb",
                "propagate_at_launch": "true",
                "value": "Prod"
              },
              {
                "key": "Desc",
                "propagate_at_launch": "true",
                "value": "PERUCHECK PROD Autoscalling"
              },
              {
                "key": "Name",
                "propagate_at_launch": "true",
                "value": "PROD-PERUCHECK-ASG"
              }
            ],
            "target_group_arns": [
              "arn:aws:elasticloadbalancing:us-west-1:543745842878:targetgroup/tg-test/dd7ec15231006400"
            ],
            "termination_policies": [
              "NewestInstance"
            ],
            "timeouts": null,
            "vpc_zone_identifier": [
              "subnet-00679ca9378e9afd0",
              "subnet-0b15545a362ebebef"
            ],
            "wait_for_capacity_timeout": "10m",
            "wait_for_elb_capacity": null
          },
          "sensitive_attributes": [],
          "private": "eyJlMmJmYjczMC1lY2FhLTExZTYtOGY4OC0zNDM2M2JjN2M0YzAiOnsiZGVsZXRlIjo2MDAwMDAwMDAwMDB9fQ==",
          "dependencies": [
            "aws_launch_configuration.launchconfig"
          ],
          "create_before_destroy": true
        }
      ]
    },
    {
      "mode": "managed",
      "type": "aws_autoscaling_notification",
      "name": "notifications_asg",
      "provider": "provider[\"registry.terraform.io/hashicorp/aws\"]",
      "instances": [
        {
          "schema_version": 0,
          "attributes": {
            "group_names": [
              "glr-vpc1-AutoScaling-PROD-PeruCheck"
            ],
            "id": "arn:aws:sns:us-west-1:543745842878:Alarma-CN",
            "notifications": [
              "autoscaling:EC2_INSTANCE_LAUNCH",
              "autoscaling:EC2_INSTANCE_LAUNCH_ERROR",
              "autoscaling:EC2_INSTANCE_TERMINATE",
              "autoscaling:EC2_INSTANCE_TERMINATE_ERROR"
            ],
            "topic_arn": "arn:aws:sns:us-west-1:543745842878:Alarma-CN"
          },
          "sensitive_attributes": [],
          "private": "bnVsbA==",
          "dependencies": [
            "aws_autoscaling_group.asg-project",
            "aws_launch_configuration.launchconfig"
          ]
        }
      ]
    },
    {
      "mode": "managed",
      "type": "aws_autoscaling_policy",
      "name": "policy_1",
      "provider": "provider[\"registry.terraform.io/hashicorp/aws\"]",
      "instances": [
        {
          "schema_version": 0,
          "attributes": {
            "adjustment_type": "ChangeInCapacity",
            "arn": "arn:aws:autoscaling:us-west-1:543745842878:scalingPolicy:2cdb7be5-2fa2-4220-9e47-42c0a021c6ee:autoScalingGroupName/glr-vpc1-AutoScaling-PROD-PeruCheck:policyName/Instance-UP",
            "autoscaling_group_name": "glr-vpc1-AutoScaling-PROD-PeruCheck",
            "cooldown": 60,
            "estimated_instance_warmup": 0,
            "id": "Instance-UP",
            "metric_aggregation_type": "",
            "min_adjustment_magnitude": null,
            "name": "Instance-UP",
            "policy_type": "SimpleScaling",
            "scaling_adjustment": 1,
            "step_adjustment": [],
            "target_tracking_configuration": []
          },
          "sensitive_attributes": [],
          "private": "bnVsbA==",
          "dependencies": [
            "aws_autoscaling_group.asg-project",
            "aws_launch_configuration.launchconfig"
          ]
        }
      ]
    },
    {
      "mode": "managed",
      "type": "aws_autoscaling_policy",
      "name": "policy_2",
      "provider": "provider[\"registry.terraform.io/hashicorp/aws\"]",
      "instances": [
        {
          "schema_version": 0,
          "attributes": {
            "adjustment_type": "ChangeInCapacity",
            "arn": "arn:aws:autoscaling:us-west-1:543745842878:scalingPolicy:d539b007-3194-4c34-915f-5aef707801f7:autoScalingGroupName/glr-vpc1-AutoScaling-PROD-PeruCheck:policyName/Instance-DOWN",
            "autoscaling_group_name": "glr-vpc1-AutoScaling-PROD-PeruCheck",
            "cooldown": 60,
            "estimated_instance_warmup": 0,
            "id": "Instance-DOWN",
            "metric_aggregation_type": "",
            "min_adjustment_magnitude": null,
            "name": "Instance-DOWN",
            "policy_type": "SimpleScaling",
            "scaling_adjustment": -1,
            "step_adjustment": [],
            "target_tracking_configuration": []
          },
          "sensitive_attributes": [],
          "private": "bnVsbA==",
          "dependencies": [
            "aws_autoscaling_group.asg-project",
            "aws_launch_configuration.launchconfig"
          ]
        }
      ]
    },
    {
      "mode": "managed",
      "type": "aws_cloudwatch_metric_alarm",
      "name": "ec2-down",
      "provider": "provider[\"registry.terraform.io/hashicorp/aws\"]",
      "instances": [
        {
          "schema_version": 1,
          "attributes": {
            "actions_enabled": true,
            "alarm_actions": [
              "arn:aws:autoscaling:us-west-1:543745842878:scalingPolicy:d539b007-3194-4c34-915f-5aef707801f7:autoScalingGroupName/glr-vpc1-AutoScaling-PROD-PeruCheck:policyName/Instance-DOWN",
              "arn:aws:sns:us-west-1:543745842878:Alarma-CN"
            ],
            "alarm_description": "This metric monitors ec2 cpu utilization",
            "alarm_name": "awsec2-glr-vpc1-AutoScaling-PROD-PERUCHECK-DOWN-CPU",
            "arn": "arn:aws:cloudwatch:us-west-1:543745842878:alarm:awsec2-glr-vpc1-AutoScaling-PROD-PERUCHECK-DOWN-CPU",
            "comparison_operator": "LessThanOrEqualToThreshold",
            "datapoints_to_alarm": 0,
            "dimensions": {
              "AutoScalingGroupName": "glr-vpc1-AutoScaling-PROD-PeruCheck"
            },
            "evaluate_low_sample_count_percentiles": "",
            "evaluation_periods": 2,
            "extended_statistic": "",
            "id": "awsec2-glr-vpc1-AutoScaling-PROD-PERUCHECK-DOWN-CPU",
            "insufficient_data_actions": [],
            "metric_name": "CPUUtilization",
            "metric_query": [],
            "namespace": "AWS/EC2",
            "ok_actions": [],
            "period": 300,
            "statistic": "Average",
            "tags": {},
            "threshold": 15,
            "threshold_metric_id": "",
            "treat_missing_data": "missing",
            "unit": ""
          },
          "sensitive_attributes": [],
          "private": "eyJzY2hlbWFfdmVyc2lvbiI6IjEifQ==",
          "dependencies": [
            "aws_autoscaling_group.asg-project",
            "aws_autoscaling_policy.policy_2",
            "aws_launch_configuration.launchconfig"
          ]
        }
      ]
    },
    {
      "mode": "managed",
      "type": "aws_cloudwatch_metric_alarm",
      "name": "ec2-up",
      "provider": "provider[\"registry.terraform.io/hashicorp/aws\"]",
      "instances": [
        {
          "schema_version": 1,
          "attributes": {
            "actions_enabled": true,
            "alarm_actions": [
              "arn:aws:autoscaling:us-west-1:543745842878:scalingPolicy:2cdb7be5-2fa2-4220-9e47-42c0a021c6ee:autoScalingGroupName/glr-vpc1-AutoScaling-PROD-PeruCheck:policyName/Instance-UP",
              "arn:aws:sns:us-west-1:543745842878:Alarma-CN"
            ],
            "alarm_description": "This metric monitors ec2 cpu utilization",
            "alarm_name": "awsec2-glr-vpc1-AutoScaling-PROD-PERUCHECK-UP-CPU",
            "arn": "arn:aws:cloudwatch:us-west-1:543745842878:alarm:awsec2-glr-vpc1-AutoScaling-PROD-PERUCHECK-UP-CPU",
            "comparison_operator": "GreaterThanOrEqualToThreshold",
            "datapoints_to_alarm": 0,
            "dimensions": {
              "AutoScalingGroupName": "glr-vpc1-AutoScaling-PROD-PeruCheck"
            },
            "evaluate_low_sample_count_percentiles": "",
            "evaluation_periods": 1,
            "extended_statistic": "",
            "id": "awsec2-glr-vpc1-AutoScaling-PROD-PERUCHECK-UP-CPU",
            "insufficient_data_actions": [],
            "metric_name": "CPUUtilization",
            "metric_query": [],
            "namespace": "AWS/EC2",
            "ok_actions": [],
            "period": 60,
            "statistic": "Average",
            "tags": {},
            "threshold": 60,
            "threshold_metric_id": "",
            "treat_missing_data": "missing",
            "unit": ""
          },
          "sensitive_attributes": [],
          "private": "eyJzY2hlbWFfdmVyc2lvbiI6IjEifQ==",
          "dependencies": [
            "aws_autoscaling_group.asg-project",
            "aws_autoscaling_policy.policy_1"
          ]
        }
      ]
    },
    {
      "mode": "managed",
      "type": "aws_launch_configuration",
      "name": "launchconfig",
      "provider": "provider[\"registry.terraform.io/hashicorp/aws\"]",
      "instances": [
        {
          "schema_version": 0,
          "attributes": {
            "arn": "arn:aws:autoscaling:us-west-1:543745842878:launchConfiguration:708df068-4931-44d6-9532-fcae2d59bbe2:launchConfigurationName/glr-launchconfiguration-PROD-PeruCheck",
            "associate_public_ip_address": false,
            "ebs_block_device": [],
            "ebs_optimized": true,
            "enable_monitoring": true,
            "ephemeral_block_device": [],
            "iam_instance_profile": "glr-Role-S3Apps",
            "id": "glr-launchconfiguration-PROD-PeruCheck",
            "image_id": "ami-04d7c565de3406783",
            "instance_type": "t3.medium",
            "key_name": "glr-gitlab-qa",
            "metadata_options": [],
            "name": "glr-launchconfiguration-PROD-PeruCheck",
            "name_prefix": null,
            "placement_tenancy": null,
            "root_block_device": [],
            "security_groups": [
              "sg-0f662afc26378ea71"
            ],
            "spot_price": "",
            "user_data": "629489549e9161e7bb9e3cc00661e5911fe97fdc",
            "user_data_base64": null,
            "vpc_classic_link_id": "",
            "vpc_classic_link_security_groups": []
          },
          "sensitive_attributes": [],
          "private": "bnVsbA==",
          "create_before_destroy": true
        }
      ]
    }
  ]
}
