{
  "version": 4,
  "terraform_version": "0.14.4",
  "serial": 43,
  "lineage": "d8ab54d5-f6c8-e78b-c8cb-183432860d99",
  "outputs": {},
  "resources": [
    {
      "mode": "managed",
      "type": "aws_vpc",
      "name": "vpc",
      "provider": "provider[\"registry.terraform.io/hashicorp/aws\"]",
      "instances": [
        {
          "schema_version": 1,
          "attributes": {
            "arn": "arn:aws:ec2:us-west-1:731451121490:vpc/vpc-0b5705a89cb17c825",
            "assign_generated_ipv6_cidr_block": false,
            "cidr_block": "10.0.0.0/16",
            "default_network_acl_id": "acl-06fdbee0022e844fb",
            "default_route_table_id": "rtb-09fe71cac108efda4",
            "default_security_group_id": "sg-0b1d2498a6951759f",
            "dhcp_options_id": "dopt-838286e4",
            "enable_classiclink": false,
            "enable_classiclink_dns_support": false,
            "enable_dns_hostnames": true,
            "enable_dns_support": true,
            "id": "vpc-0b5705a89cb17c825",
            "instance_tenancy": "default",
            "ipv6_association_id": "",
            "ipv6_cidr_block": "",
            "main_route_table_id": "rtb-09fe71cac108efda4",
            "owner_id": "731451121490",
            "tags": {
              "Environment": "QA01",
              "Name": "QA01-vpc"
            }
          },
          "sensitive_attributes": []
        }
      ]
    }
  ]
}
