{
  "version": 4,
  "terraform_version": "0.14.4",
  "serial": 233,
  "lineage": "c6075dc6-850e-4156-c63d-f5084470ca78",
  "outputs": {},
  "resources": [
    {
      "mode": "managed",
      "type": "aws_alb_listener",
      "name": "http",
      "provider": "provider[\"registry.terraform.io/hashicorp/aws\"]",
      "instances": [
        {
          "schema_version": 0,
          "attributes": {
            "arn": "arn:aws:elasticloadbalancing:us-east-1:731451121490:listener/app/jenkins-alb-qa/a505ad026b9f46d5/49c588e09a8731d4",
            "certificate_arn": null,
            "default_action": [
              {
                "authenticate_cognito": [],
                "authenticate_oidc": [],
                "fixed_response": [],
                "forward": [],
                "order": 1,
                "redirect": [],
                "target_group_arn": "arn:aws:elasticloadbalancing:us-east-1:731451121490:targetgroup/jenkins-tg-qa/75ee1c761327af49",
                "type": "forward"
              }
            ],
            "id": "arn:aws:elasticloadbalancing:us-east-1:731451121490:listener/app/jenkins-alb-qa/a505ad026b9f46d5/49c588e09a8731d4",
            "load_balancer_arn": "arn:aws:elasticloadbalancing:us-east-1:731451121490:loadbalancer/app/jenkins-alb-qa/a505ad026b9f46d5",
            "port": 80,
            "protocol": "HTTP",
            "ssl_policy": "",
            "timeouts": null
          },
          "sensitive_attributes": [],
          "private": "eyJlMmJmYjczMC1lY2FhLTExZTYtOGY4OC0zNDM2M2JjN2M0YzAiOnsicmVhZCI6NjAwMDAwMDAwMDAwfX0=",
          "dependencies": [
            "aws_alb_target_group.tg-1",
            "aws_lb.alb-1",
            "aws_security_group.sg-alb-1"
          ]
        }
      ]
    },
    {
      "mode": "managed",
      "type": "aws_alb_target_group",
      "name": "tg-1",
      "provider": "provider[\"registry.terraform.io/hashicorp/aws\"]",
      "instances": [
        {
          "schema_version": 0,
          "attributes": {
            "arn": "arn:aws:elasticloadbalancing:us-east-1:731451121490:targetgroup/jenkins-tg-qa/75ee1c761327af49",
            "arn_suffix": "targetgroup/jenkins-tg-qa/75ee1c761327af49",
            "deregistration_delay": 300,
            "health_check": [
              {
                "enabled": true,
                "healthy_threshold": 5,
                "interval": 90,
                "matcher": "200",
                "path": "/login",
                "port": "traffic-port",
                "protocol": "HTTP",
                "timeout": 80,
                "unhealthy_threshold": 4
              }
            ],
            "id": "arn:aws:elasticloadbalancing:us-east-1:731451121490:targetgroup/jenkins-tg-qa/75ee1c761327af49",
            "lambda_multi_value_headers_enabled": false,
            "load_balancing_algorithm_type": "round_robin",
            "name": "jenkins-tg-qa",
            "name_prefix": null,
            "port": 8080,
            "protocol": "HTTP",
            "protocol_version": "HTTP1",
            "proxy_protocol_v2": false,
            "slow_start": 0,
            "stickiness": [
              {
                "cookie_duration": 86400,
                "enabled": false,
                "type": "lb_cookie"
              }
            ],
            "tags": null,
            "target_type": "ip",
            "vpc_id": "vpc-6a034710"
          },
          "sensitive_attributes": [],
          "private": "bnVsbA==",
          "dependencies": [
            "aws_lb.alb-1",
            "aws_security_group.sg-alb-1"
          ]
        }
      ]
    },
    {
      "mode": "managed",
      "type": "aws_cloudwatch_log_group",
      "name": "project",
      "provider": "provider[\"registry.terraform.io/hashicorp/aws\"]",
      "instances": [
        {
          "schema_version": 0,
          "attributes": {
            "arn": "arn:aws:logs:us-east-1:731451121490:log-group:jenkins-qa",
            "id": "jenkins-qa",
            "kms_key_id": "",
            "name": "jenkins-qa",
            "name_prefix": null,
            "retention_in_days": 1,
            "tags": null
          },
          "sensitive_attributes": [],
          "private": "bnVsbA=="
        }
      ]
    },
    {
      "mode": "managed",
      "type": "aws_ecs_cluster",
      "name": "cluster-1",
      "provider": "provider[\"registry.terraform.io/hashicorp/aws\"]",
      "instances": [
        {
          "schema_version": 0,
          "attributes": {
            "arn": "arn:aws:ecs:us-east-1:731451121490:cluster/jenkins-cluster-qa",
            "capacity_providers": null,
            "default_capacity_provider_strategy": [],
            "id": "arn:aws:ecs:us-east-1:731451121490:cluster/jenkins-cluster-qa",
            "name": "jenkins-cluster-qa",
            "setting": [
              {
                "name": "containerInsights",
                "value": "disabled"
              }
            ],
            "tags": null
          },
          "sensitive_attributes": [],
          "private": "bnVsbA=="
        }
      ]
    },
    {
      "mode": "managed",
      "type": "aws_ecs_service",
      "name": "service-1",
      "provider": "provider[\"registry.terraform.io/hashicorp/aws\"]",
      "instances": [
        {
          "schema_version": 0,
          "attributes": {
            "capacity_provider_strategy": [],
            "cluster": "arn:aws:ecs:us-east-1:731451121490:cluster/jenkins-cluster-qa",
            "deployment_controller": [
              {
                "type": "ECS"
              }
            ],
            "deployment_maximum_percent": 100,
            "deployment_minimum_healthy_percent": 0,
            "desired_count": 1,
            "enable_ecs_managed_tags": false,
            "force_new_deployment": null,
            "health_check_grace_period_seconds": 0,
            "iam_role": "aws-service-role",
            "id": "arn:aws:ecs:us-east-1:731451121490:service/jenkins-cluster-qa/jenkins-service-qa",
            "launch_type": "FARGATE",
            "load_balancer": [
              {
                "container_name": "jenkins-container-qa",
                "container_port": 8080,
                "elb_name": "",
                "target_group_arn": "arn:aws:elasticloadbalancing:us-east-1:731451121490:targetgroup/jenkins-tg-qa/75ee1c761327af49"
              }
            ],
            "name": "jenkins-service-qa",
            "network_configuration": [
              {
                "assign_public_ip": true,
                "security_groups": [
                  "sg-0b1a6715c29a655fd"
                ],
                "subnets": [
                  "subnet-0a9ee234",
                  "subnet-9ec02290"
                ]
              }
            ],
            "ordered_placement_strategy": [],
            "placement_constraints": [],
            "platform_version": "1.4.0",
            "propagate_tags": "NONE",
            "scheduling_strategy": "REPLICA",
            "service_registries": [
              {
                "container_name": "",
                "container_port": 0,
                "port": 50000,
                "registry_arn": "arn:aws:servicediscovery:us-east-1:731451121490:service/srv-hmz725sg4vitn7wg"
              }
            ],
            "tags": null,
            "task_definition": "arn:aws:ecs:us-east-1:731451121490:task-definition/jenkins-qa:22",
            "timeouts": null,
            "wait_for_steady_state": false
          },
          "sensitive_attributes": [],
          "private": "eyJlMmJmYjczMC1lY2FhLTExZTYtOGY4OC0zNDM2M2JjN2M0YzAiOnsiZGVsZXRlIjoxMjAwMDAwMDAwMDAwfX0=",
          "dependencies": [
            "aws_alb_listener.http",
            "aws_alb_target_group.tg-1",
            "aws_ecs_cluster.cluster-1",
            "aws_ecs_task_definition.taskd1",
            "aws_efs_access_point.efs_access-project",
            "aws_efs_file_system.efs-project",
            "aws_iam_role.ecs_task_execution_role",
            "aws_iam_role.ecs_task_role",
            "aws_lb.alb-1",
            "aws_security_group.sg-alb-1",
            "aws_security_group.sg-ecs_tasks",
            "aws_security_group.sg_efs_project",
            "aws_service_discovery_private_dns_namespace.jenkins",
            "aws_service_discovery_service.jenkins"
          ]
        }
      ]
    },
    {
      "mode": "managed",
      "type": "aws_ecs_task_definition",
      "name": "taskd1",
      "provider": "provider[\"registry.terraform.io/hashicorp/aws\"]",
      "instances": [
        {
          "schema_version": 1,
          "attributes": {
            "arn": "arn:aws:ecs:us-east-1:731451121490:task-definition/jenkins-qa:22",
            "container_definitions": "[{\"cpu\":0,\"environment\":[],\"essential\":true,\"image\":\"jenkins/jenkins:lts\",\"logConfiguration\":{\"logDriver\":\"awslogs\",\"options\":{\"awslogs-group\":\"jenkins-qa\",\"awslogs-region\":\"us-east-1\",\"awslogs-stream-prefix\":\"jenkins\"}},\"mountPoints\":[{\"containerPath\":\"/var/jenkins_home\",\"sourceVolume\":\"jenkins-home\"}],\"name\":\"jenkins-container-qa\",\"portMappings\":[{\"containerPort\":8080,\"hostPort\":8080,\"protocol\":\"tcp\"},{\"containerPort\":50000,\"hostPort\":50000,\"protocol\":\"tcp\"}],\"volumesFrom\":[]}]",
            "cpu": "512",
            "execution_role_arn": "arn:aws:iam::731451121490:role/jenkins-ecsTaskExecutionRole",
            "family": "jenkins-qa",
            "id": "jenkins-qa",
            "inference_accelerator": [],
            "ipc_mode": "",
            "memory": "1024",
            "network_mode": "awsvpc",
            "pid_mode": "",
            "placement_constraints": [],
            "proxy_configuration": [],
            "requires_compatibilities": [
              "FARGATE"
            ],
            "revision": 22,
            "tags": null,
            "task_role_arn": "arn:aws:iam::731451121490:role/jenkins-ecsTaskRole",
            "volume": [
              {
                "docker_volume_configuration": [],
                "efs_volume_configuration": [
                  {
                    "authorization_config": [
                      {
                        "access_point_id": "fsap-0030115458a592abc",
                        "iam": "ENABLED"
                      }
                    ],
                    "file_system_id": "fs-d8e4cb2f",
                    "root_directory": "/",
                    "transit_encryption": "ENABLED",
                    "transit_encryption_port": null
                  }
                ],
                "host_path": "",
                "name": "jenkins-home"
              }
            ]
          },
          "sensitive_attributes": [],
          "private": "eyJzY2hlbWFfdmVyc2lvbiI6IjEifQ==",
          "dependencies": [
            "aws_efs_access_point.efs_access-project",
            "aws_efs_file_system.efs-project",
            "aws_iam_role.ecs_task_execution_role",
            "aws_iam_role.ecs_task_role",
            "aws_security_group.sg-ecs_tasks",
            "aws_security_group.sg_efs_project"
          ]
        }
      ]
    },
    {
      "mode": "managed",
      "type": "aws_efs_access_point",
      "name": "efs_access-project",
      "provider": "provider[\"registry.terraform.io/hashicorp/aws\"]",
      "instances": [
        {
          "schema_version": 0,
          "attributes": {
            "arn": "arn:aws:elasticfilesystem:us-east-1:731451121490:access-point/fsap-0030115458a592abc",
            "file_system_arn": "arn:aws:elasticfilesystem:us-east-1:731451121490:file-system/fs-d8e4cb2f",
            "file_system_id": "fs-d8e4cb2f",
            "id": "fsap-0030115458a592abc",
            "owner_id": "731451121490",
            "posix_user": [
              {
                "gid": 1000,
                "secondary_gids": null,
                "uid": 1000
              }
            ],
            "root_directory": [
              {
                "creation_info": [
                  {
                    "owner_gid": 1000,
                    "owner_uid": 1000,
                    "permissions": "755"
                  }
                ],
                "path": "/jenkins-home"
              }
            ],
            "tags": null
          },
          "sensitive_attributes": [],
          "private": "bnVsbA==",
          "dependencies": [
            "aws_efs_file_system.efs-project",
            "aws_security_group.sg-ecs_tasks",
            "aws_security_group.sg_efs_project"
          ]
        }
      ]
    },
    {
      "mode": "managed",
      "type": "aws_efs_file_system",
      "name": "efs-project",
      "provider": "provider[\"registry.terraform.io/hashicorp/aws\"]",
      "instances": [
        {
          "schema_version": 0,
          "attributes": {
            "arn": "arn:aws:elasticfilesystem:us-east-1:731451121490:file-system/fs-d8e4cb2f",
            "creation_token": "jenkins",
            "dns_name": "fs-d8e4cb2f.efs.us-east-1.amazonaws.com",
            "encrypted": true,
            "id": "fs-d8e4cb2f",
            "kms_key_id": "arn:aws:kms:us-east-1:731451121490:key/39513e41-852e-47e7-825b-ba5bffa981ca",
            "lifecycle_policy": [],
            "performance_mode": "generalPurpose",
            "provisioned_throughput_in_mibps": 0,
            "tags": {
              "Name": "jenkins"
            },
            "throughput_mode": "bursting"
          },
          "sensitive_attributes": [],
          "private": "bnVsbA==",
          "dependencies": [
            "aws_security_group.sg-ecs_tasks",
            "aws_security_group.sg_efs_project"
          ]
        }
      ]
    },
    {
      "mode": "managed",
      "type": "aws_efs_mount_target",
      "name": "efs-mt1-project",
      "provider": "provider[\"registry.terraform.io/hashicorp/aws\"]",
      "instances": [
        {
          "schema_version": 0,
          "attributes": {
            "availability_zone_id": "use1-az3",
            "availability_zone_name": "us-east-1e",
            "dns_name": "fs-d8e4cb2f.efs.us-east-1.amazonaws.com",
            "file_system_arn": "arn:aws:elasticfilesystem:us-east-1:731451121490:file-system/fs-d8e4cb2f",
            "file_system_id": "fs-d8e4cb2f",
            "id": "fsmt-b8164f4d",
            "ip_address": "172.31.72.83",
            "mount_target_dns_name": "us-east-1e.fs-d8e4cb2f.efs.us-east-1.amazonaws.com",
            "network_interface_id": "eni-01ecfeb20da315e5d",
            "owner_id": "731451121490",
            "security_groups": [
              "sg-072e226d4aa55414a"
            ],
            "subnet_id": "subnet-0a9ee234"
          },
          "sensitive_attributes": [],
          "private": "bnVsbA==",
          "dependencies": [
            "aws_efs_file_system.efs-project",
            "aws_security_group.sg-ecs_tasks",
            "aws_security_group.sg_efs_project"
          ]
        }
      ]
    },
    {
      "mode": "managed",
      "type": "aws_efs_mount_target",
      "name": "efs-mt2-project",
      "provider": "provider[\"registry.terraform.io/hashicorp/aws\"]",
      "instances": [
        {
          "schema_version": 0,
          "attributes": {
            "availability_zone_id": "use1-az5",
            "availability_zone_name": "us-east-1f",
            "dns_name": "fs-d8e4cb2f.efs.us-east-1.amazonaws.com",
            "file_system_arn": "arn:aws:elasticfilesystem:us-east-1:731451121490:file-system/fs-d8e4cb2f",
            "file_system_id": "fs-d8e4cb2f",
            "id": "fsmt-ba164f4f",
            "ip_address": "172.31.52.150",
            "mount_target_dns_name": "us-east-1f.fs-d8e4cb2f.efs.us-east-1.amazonaws.com",
            "network_interface_id": "eni-06549f94d699d608d",
            "owner_id": "731451121490",
            "security_groups": [
              "sg-072e226d4aa55414a"
            ],
            "subnet_id": "subnet-9ec02290"
          },
          "sensitive_attributes": [],
          "private": "bnVsbA==",
          "dependencies": [
            "aws_efs_file_system.efs-project",
            "aws_security_group.sg-ecs_tasks",
            "aws_security_group.sg_efs_project"
          ]
        }
      ]
    },
    {
      "mode": "managed",
      "type": "aws_iam_policy",
      "name": "project",
      "provider": "provider[\"registry.terraform.io/hashicorp/aws\"]",
      "instances": [
        {
          "schema_version": 0,
          "attributes": {
            "arn": "arn:aws:iam::731451121490:policy/jenkins-task-policy",
            "description": "Policy that allows access to project",
            "id": "arn:aws:iam::731451121490:policy/jenkins-task-policy",
            "name": "jenkins-task-policy",
            "name_prefix": null,
            "path": "/",
            "policy": "{\n    \"Version\": \"2012-10-17\",\n    \"Statement\": [\n        {\n            \n            \"Effect\": \"Allow\",\n            \"Action\": [\n                \"ecs:RunTask\",\n                \"ecs:StopTask\",\n                \"ecs:ListContainerInstances\",\n                \"ecs:DescribeContainerInstances\",\n                \"ecs:DescribeTasks\"\n            ],\n            \"Resource\": \"*\"\n        },\n\n        {\n            \n            \"Effect\": \"Allow\",\n            \"Action\": [\n                \"ecs:DeregisterTaskDefinition\",\n                \"ecs:RegisterTaskDefinition\",\n                \"ecs:ListTaskDefinitions\",\n                \"ecs:DescribeTaskDefinition\",\n                \"ecs:ListClusters\"\n            ],\n            \"Resource\": \"*\"\n        },\n\n        {\n            \n            \"Effect\": \"Allow\",\n            \"Action\": [\n                \"elasticfilesystem:ClientMount\",\n                \"elasticfilesystem:ClientWrite\"\n            ],\n            \"Resource\": \"*\"\n        },\n\n        {\n            \n            \"Effect\": \"Allow\",\n            \"Action\": [\n                \"iam:GetRole\",\n                \"iam:PassRole\"\n            ],\n            \"Resource\": \"*\"\n        }\n    ]\n}\n"
          },
          "sensitive_attributes": [],
          "private": "bnVsbA=="
        }
      ]
    },
    {
      "mode": "managed",
      "type": "aws_iam_role",
      "name": "ecs_task_execution_role",
      "provider": "provider[\"registry.terraform.io/hashicorp/aws\"]",
      "instances": [
        {
          "schema_version": 0,
          "attributes": {
            "arn": "arn:aws:iam::731451121490:role/jenkins-ecsTaskExecutionRole",
            "assume_role_policy": "{\"Version\":\"2012-10-17\",\"Statement\":[{\"Sid\":\"\",\"Effect\":\"Allow\",\"Principal\":{\"Service\":\"ecs-tasks.amazonaws.com\"},\"Action\":\"sts:AssumeRole\"}]}",
            "create_date": "2021-03-01T05:59:59Z",
            "description": "",
            "force_detach_policies": false,
            "id": "jenkins-ecsTaskExecutionRole",
            "max_session_duration": 3600,
            "name": "jenkins-ecsTaskExecutionRole",
            "name_prefix": null,
            "path": "/",
            "permissions_boundary": null,
            "tags": null,
            "unique_id": "AROA2UTPCL5JCSVYAGPWH"
          },
          "sensitive_attributes": [],
          "private": "bnVsbA=="
        }
      ]
    },
    {
      "mode": "managed",
      "type": "aws_iam_role",
      "name": "ecs_task_role",
      "provider": "provider[\"registry.terraform.io/hashicorp/aws\"]",
      "instances": [
        {
          "schema_version": 0,
          "attributes": {
            "arn": "arn:aws:iam::731451121490:role/jenkins-ecsTaskRole",
            "assume_role_policy": "{\"Version\":\"2012-10-17\",\"Statement\":[{\"Sid\":\"\",\"Effect\":\"Allow\",\"Principal\":{\"Service\":\"ecs-tasks.amazonaws.com\"},\"Action\":\"sts:AssumeRole\"}]}",
            "create_date": "2021-03-01T05:59:59Z",
            "description": "",
            "force_detach_policies": false,
            "id": "jenkins-ecsTaskRole",
            "max_session_duration": 3600,
            "name": "jenkins-ecsTaskRole",
            "name_prefix": null,
            "path": "/",
            "permissions_boundary": null,
            "tags": null,
            "unique_id": "AROA2UTPCL5JJ6YFGRO27"
          },
          "sensitive_attributes": [],
          "private": "bnVsbA=="
        }
      ]
    },
    {
      "mode": "managed",
      "type": "aws_iam_role_policy_attachment",
      "name": "ecs-task-execution-role-policy-attachment",
      "provider": "provider[\"registry.terraform.io/hashicorp/aws\"]",
      "instances": [
        {
          "schema_version": 0,
          "attributes": {
            "id": "jenkins-ecsTaskExecutionRole-20210301060000798700000002",
            "policy_arn": "arn:aws:iam::aws:policy/service-role/AmazonECSTaskExecutionRolePolicy",
            "role": "jenkins-ecsTaskExecutionRole"
          },
          "sensitive_attributes": [],
          "private": "bnVsbA==",
          "dependencies": [
            "aws_iam_role.ecs_task_execution_role"
          ]
        }
      ]
    },
    {
      "mode": "managed",
      "type": "aws_iam_role_policy_attachment",
      "name": "ecs-task-role-policy-attachment",
      "provider": "provider[\"registry.terraform.io/hashicorp/aws\"]",
      "instances": [
        {
          "schema_version": 0,
          "attributes": {
            "id": "jenkins-ecsTaskRole-20210301060001147200000003",
            "policy_arn": "arn:aws:iam::731451121490:policy/jenkins-task-policy",
            "role": "jenkins-ecsTaskRole"
          },
          "sensitive_attributes": [],
          "private": "bnVsbA==",
          "dependencies": [
            "aws_iam_policy.project",
            "aws_iam_role.ecs_task_role"
          ]
        }
      ]
    },
    {
      "mode": "managed",
      "type": "aws_lb",
      "name": "alb-1",
      "provider": "provider[\"registry.terraform.io/hashicorp/aws\"]",
      "instances": [
        {
          "schema_version": 0,
          "attributes": {
            "access_logs": [
              {
                "bucket": "",
                "enabled": false,
                "prefix": ""
              }
            ],
            "arn": "arn:aws:elasticloadbalancing:us-east-1:731451121490:loadbalancer/app/jenkins-alb-qa/a505ad026b9f46d5",
            "arn_suffix": "app/jenkins-alb-qa/a505ad026b9f46d5",
            "customer_owned_ipv4_pool": "",
            "dns_name": "jenkins-alb-qa-1452160547.us-east-1.elb.amazonaws.com",
            "drop_invalid_header_fields": false,
            "enable_cross_zone_load_balancing": null,
            "enable_deletion_protection": false,
            "enable_http2": true,
            "id": "arn:aws:elasticloadbalancing:us-east-1:731451121490:loadbalancer/app/jenkins-alb-qa/a505ad026b9f46d5",
            "idle_timeout": 60,
            "internal": false,
            "ip_address_type": "ipv4",
            "load_balancer_type": "application",
            "name": "jenkins-alb-qa",
            "name_prefix": null,
            "security_groups": [
              "sg-02a46bac43c72b4f3"
            ],
            "subnet_mapping": [
              {
                "allocation_id": "",
                "ipv6_address": "",
                "outpost_id": "",
                "private_ipv4_address": "",
                "subnet_id": "subnet-0a9ee234"
              },
              {
                "allocation_id": "",
                "ipv6_address": "",
                "outpost_id": "",
                "private_ipv4_address": "",
                "subnet_id": "subnet-9ec02290"
              }
            ],
            "subnets": [
              "subnet-0a9ee234",
              "subnet-9ec02290"
            ],
            "tags": null,
            "timeouts": null,
            "vpc_id": "vpc-6a034710",
            "zone_id": "Z35SXDOTRQ7X7K"
          },
          "sensitive_attributes": [],
          "private": "eyJlMmJmYjczMC1lY2FhLTExZTYtOGY4OC0zNDM2M2JjN2M0YzAiOnsiY3JlYXRlIjo2MDAwMDAwMDAwMDAsImRlbGV0ZSI6NjAwMDAwMDAwMDAwLCJ1cGRhdGUiOjYwMDAwMDAwMDAwMH19",
          "dependencies": [
            "aws_security_group.sg-alb-1"
          ]
        }
      ]
    },
    {
      "mode": "managed",
      "type": "aws_security_group",
      "name": "sg-alb-1",
      "provider": "provider[\"registry.terraform.io/hashicorp/aws\"]",
      "instances": [
        {
          "schema_version": 1,
          "attributes": {
            "arn": "arn:aws:ec2:us-east-1:731451121490:security-group/sg-02a46bac43c72b4f3",
            "description": "Managed by Terraform",
            "egress": [
              {
                "cidr_blocks": [
                  "0.0.0.0/0"
                ],
                "description": "",
                "from_port": 0,
                "ipv6_cidr_blocks": [
                  "::/0"
                ],
                "prefix_list_ids": [],
                "protocol": "-1",
                "security_groups": [],
                "self": false,
                "to_port": 0
              }
            ],
            "id": "sg-02a46bac43c72b4f3",
            "ingress": [
              {
                "cidr_blocks": [
                  "0.0.0.0/0"
                ],
                "description": "",
                "from_port": 443,
                "ipv6_cidr_blocks": [
                  "::/0"
                ],
                "prefix_list_ids": [],
                "protocol": "tcp",
                "security_groups": [],
                "self": false,
                "to_port": 443
              },
              {
                "cidr_blocks": [
                  "0.0.0.0/0"
                ],
                "description": "",
                "from_port": 80,
                "ipv6_cidr_blocks": [
                  "::/0"
                ],
                "prefix_list_ids": [],
                "protocol": "tcp",
                "security_groups": [],
                "self": false,
                "to_port": 80
              }
            ],
            "name": "jenkins-sg-alb-qa",
            "name_prefix": "",
            "owner_id": "731451121490",
            "revoke_rules_on_delete": false,
            "tags": null,
            "timeouts": null,
            "vpc_id": "vpc-6a034710"
          },
          "sensitive_attributes": [],
          "private": "eyJlMmJmYjczMC1lY2FhLTExZTYtOGY4OC0zNDM2M2JjN2M0YzAiOnsiY3JlYXRlIjo2MDAwMDAwMDAwMDAsImRlbGV0ZSI6NjAwMDAwMDAwMDAwfSwic2NoZW1hX3ZlcnNpb24iOiIxIn0="
        }
      ]
    },
    {
      "mode": "managed",
      "type": "aws_security_group",
      "name": "sg-ecs_tasks",
      "provider": "provider[\"registry.terraform.io/hashicorp/aws\"]",
      "instances": [
        {
          "schema_version": 1,
          "attributes": {
            "arn": "arn:aws:ec2:us-east-1:731451121490:security-group/sg-0b1a6715c29a655fd",
            "description": "Managed by Terraform",
            "egress": [
              {
                "cidr_blocks": [
                  "0.0.0.0/0"
                ],
                "description": "",
                "from_port": 0,
                "ipv6_cidr_blocks": [
                  "::/0"
                ],
                "prefix_list_ids": [],
                "protocol": "-1",
                "security_groups": [],
                "self": false,
                "to_port": 0
              }
            ],
            "id": "sg-0b1a6715c29a655fd",
            "ingress": [
              {
                "cidr_blocks": [
                  "0.0.0.0/0"
                ],
                "description": "",
                "from_port": 50000,
                "ipv6_cidr_blocks": [
                  "::/0"
                ],
                "prefix_list_ids": [],
                "protocol": "tcp",
                "security_groups": [],
                "self": false,
                "to_port": 50000
              },
              {
                "cidr_blocks": [
                  "0.0.0.0/0"
                ],
                "description": "",
                "from_port": 8080,
                "ipv6_cidr_blocks": [
                  "::/0"
                ],
                "prefix_list_ids": [],
                "protocol": "tcp",
                "security_groups": [],
                "self": false,
                "to_port": 8080
              }
            ],
            "name": "jenkins-sg-task-qa",
            "name_prefix": "",
            "owner_id": "731451121490",
            "revoke_rules_on_delete": false,
            "tags": null,
            "timeouts": null,
            "vpc_id": "vpc-6a034710"
          },
          "sensitive_attributes": [],
          "private": "eyJlMmJmYjczMC1lY2FhLTExZTYtOGY4OC0zNDM2M2JjN2M0YzAiOnsiY3JlYXRlIjo2MDAwMDAwMDAwMDAsImRlbGV0ZSI6NjAwMDAwMDAwMDAwfSwic2NoZW1hX3ZlcnNpb24iOiIxIn0="
        }
      ]
    },
    {
      "mode": "managed",
      "type": "aws_security_group",
      "name": "sg_efs_project",
      "provider": "provider[\"registry.terraform.io/hashicorp/aws\"]",
      "instances": [
        {
          "schema_version": 1,
          "attributes": {
            "arn": "arn:aws:ec2:us-east-1:731451121490:security-group/sg-072e226d4aa55414a",
            "description": "Managed by Terraform",
            "egress": [
              {
                "cidr_blocks": [],
                "description": "",
                "from_port": 0,
                "ipv6_cidr_blocks": [],
                "prefix_list_ids": [],
                "protocol": "-1",
                "security_groups": [
                  "sg-0b1a6715c29a655fd"
                ],
                "self": false,
                "to_port": 0
              }
            ],
            "id": "sg-072e226d4aa55414a",
            "ingress": [
              {
                "cidr_blocks": [],
                "description": "",
                "from_port": 2049,
                "ipv6_cidr_blocks": [],
                "prefix_list_ids": [],
                "protocol": "tcp",
                "security_groups": [
                  "sg-0b1a6715c29a655fd"
                ],
                "self": false,
                "to_port": 2049
              }
            ],
            "name": "efs-task-jenkins-sg",
            "name_prefix": "",
            "owner_id": "731451121490",
            "revoke_rules_on_delete": false,
            "tags": null,
            "timeouts": null,
            "vpc_id": "vpc-6a034710"
          },
          "sensitive_attributes": [],
          "private": "eyJlMmJmYjczMC1lY2FhLTExZTYtOGY4OC0zNDM2M2JjN2M0YzAiOnsiY3JlYXRlIjo2MDAwMDAwMDAwMDAsImRlbGV0ZSI6NjAwMDAwMDAwMDAwfSwic2NoZW1hX3ZlcnNpb24iOiIxIn0=",
          "dependencies": [
            "aws_security_group.sg-ecs_tasks"
          ]
        }
      ]
    },
    {
      "mode": "managed",
      "type": "aws_service_discovery_private_dns_namespace",
      "name": "jenkins",
      "provider": "provider[\"registry.terraform.io/hashicorp/aws\"]",
      "instances": [
        {
          "schema_version": 0,
          "attributes": {
            "arn": "arn:aws:servicediscovery:us-east-1:731451121490:namespace/ns-ldodjmhgplv55uhb",
            "description": "jenkins",
            "hosted_zone": "Z05686222YH5KK1FS770D",
            "id": "ns-ldodjmhgplv55uhb",
            "name": "jenkins.terraform.local",
            "tags": null,
            "vpc": "vpc-6a034710"
          },
          "sensitive_attributes": [],
          "private": "bnVsbA=="
        }
      ]
    },
    {
      "mode": "managed",
      "type": "aws_service_discovery_service",
      "name": "jenkins",
      "provider": "provider[\"registry.terraform.io/hashicorp/aws\"]",
      "instances": [
        {
          "schema_version": 0,
          "attributes": {
            "arn": "arn:aws:servicediscovery:us-east-1:731451121490:service/srv-hmz725sg4vitn7wg",
            "description": "",
            "dns_config": [
              {
                "dns_records": [
                  {
                    "ttl": 10,
                    "type": "A"
                  },
                  {
                    "ttl": 60,
                    "type": "SRV"
                  }
                ],
                "namespace_id": "ns-ldodjmhgplv55uhb",
                "routing_policy": "MULTIVALUE"
              }
            ],
            "health_check_config": [],
            "health_check_custom_config": [
              {
                "failure_threshold": 1
              }
            ],
            "id": "srv-hmz725sg4vitn7wg",
            "name": "jenkins",
            "namespace_id": "ns-ldodjmhgplv55uhb",
            "tags": null
          },
          "sensitive_attributes": [],
          "private": "bnVsbA==",
          "dependencies": [
            "aws_service_discovery_private_dns_namespace.jenkins"
          ]
        }
      ]
    }
  ]
}
