{
  "version": 4,
  "terraform_version": "0.14.4",
  "serial": 85,
  "lineage": "d96c1c61-f798-0460-b9b5-e2f9b13c1292",
  "outputs": {},
  "resources": [
    {
      "mode": "managed",
      "type": "aws_efs_file_system",
      "name": "efs-project",
      "provider": "provider[\"registry.terraform.io/hashicorp/aws\"]",
      "instances": [
        {
          "schema_version": 0,
          "attributes": {
            "arn": "arn:aws:elasticfilesystem:us-west-1:543745842878:file-system/fs-61d3cf78",
            "creation_token": "TEST-EFS-Jenkins",
            "dns_name": "fs-61d3cf78.efs.us-west-1.amazonaws.com",
            "encrypted": true,
            "id": "fs-61d3cf78",
            "kms_key_id": "arn:aws:kms:us-west-1:543745842878:key/0c8268e1-f259-46c8-952d-f44dbb2fe7bd",
            "lifecycle_policy": [],
            "performance_mode": "generalPurpose",
            "provisioned_throughput_in_mibps": 0,
            "tags": {
              "Name": "TEST-EFS-Jenkins"
            },
            "throughput_mode": "bursting"
          },
          "sensitive_attributes": [],
          "private": "bnVsbA=="
        }
      ]
    },
    {
      "mode": "managed",
      "type": "aws_efs_mount_target",
      "name": "efs-mt1-project",
      "provider": "provider[\"registry.terraform.io/hashicorp/aws\"]",
      "instances": [
        {
          "schema_version": 0,
          "attributes": {
            "availability_zone_id": "usw1-az1",
            "availability_zone_name": "us-west-1c",
            "dns_name": "fs-61d3cf78.efs.us-west-1.amazonaws.com",
            "file_system_arn": "arn:aws:elasticfilesystem:us-west-1:543745842878:file-system/fs-61d3cf78",
            "file_system_id": "fs-61d3cf78",
            "id": "fsmt-e460ebfd",
            "ip_address": "10.0.21.69",
            "mount_target_dns_name": "us-west-1c.fs-61d3cf78.efs.us-west-1.amazonaws.com",
            "network_interface_id": "eni-09f7bf14c4cbdc317",
            "owner_id": "543745842878",
            "security_groups": [
              "sg-0faa37cd948024d18"
            ],
            "subnet_id": "subnet-0b15545a362ebebef"
          },
          "sensitive_attributes": [],
          "private": "bnVsbA==",
          "dependencies": [
            "aws_efs_file_system.efs-project",
            "aws_security_group.sg_efs_project"
          ]
        }
      ]
    },
    {
      "mode": "managed",
      "type": "aws_efs_mount_target",
      "name": "efs-mt2-project",
      "provider": "provider[\"registry.terraform.io/hashicorp/aws\"]",
      "instances": [
        {
          "schema_version": 0,
          "attributes": {
            "availability_zone_id": "usw1-az3",
            "availability_zone_name": "us-west-1b",
            "dns_name": "fs-61d3cf78.efs.us-west-1.amazonaws.com",
            "file_system_arn": "arn:aws:elasticfilesystem:us-west-1:543745842878:file-system/fs-61d3cf78",
            "file_system_id": "fs-61d3cf78",
            "id": "fsmt-e760ebfe",
            "ip_address": "10.0.30.155",
            "mount_target_dns_name": "us-west-1b.fs-61d3cf78.efs.us-west-1.amazonaws.com",
            "network_interface_id": "eni-0c7beeb017dd1ef4f",
            "owner_id": "543745842878",
            "security_groups": [
              "sg-0faa37cd948024d18"
            ],
            "subnet_id": "subnet-04f51da334f825a9d"
          },
          "sensitive_attributes": [],
          "private": "bnVsbA==",
          "dependencies": [
            "aws_efs_file_system.efs-project",
            "aws_security_group.sg_efs_project"
          ]
        }
      ]
    },
    {
      "mode": "managed",
      "type": "aws_security_group",
      "name": "sg_efs_project",
      "provider": "provider[\"registry.terraform.io/hashicorp/aws\"]",
      "instances": [
        {
          "schema_version": 1,
          "attributes": {
            "arn": "arn:aws:ec2:us-west-1:543745842878:security-group/sg-0faa37cd948024d18",
            "description": "Managed by Terraform",
            "egress": [
              {
                "cidr_blocks": [
                  "10.0.0.0/16"
                ],
                "description": "",
                "from_port": 0,
                "ipv6_cidr_blocks": [],
                "prefix_list_ids": [],
                "protocol": "-1",
                "security_groups": [],
                "self": false,
                "to_port": 0
              }
            ],
            "id": "sg-0faa37cd948024d18",
            "ingress": [
              {
                "cidr_blocks": [
                  "10.0.0.0/16"
                ],
                "description": "",
                "from_port": 2049,
                "ipv6_cidr_blocks": [],
                "prefix_list_ids": [],
                "protocol": "tcp",
                "security_groups": [],
                "self": false,
                "to_port": 2049
              }
            ],
            "name": "TEST-EFS-Jenkins",
            "name_prefix": "",
            "owner_id": "543745842878",
            "revoke_rules_on_delete": false,
            "tags": null,
            "timeouts": null,
            "vpc_id": "vpc-0b86cf9c2fca819e7"
          },
          "sensitive_attributes": [],
          "private": "eyJlMmJmYjczMC1lY2FhLTExZTYtOGY4OC0zNDM2M2JjN2M0YzAiOnsiY3JlYXRlIjo2MDAwMDAwMDAwMDAsImRlbGV0ZSI6NjAwMDAwMDAwMDAwfSwic2NoZW1hX3ZlcnNpb24iOiIxIn0="
        }
      ]
    }
  ]
}
